{
  "nodes": {
    "nixpkgs": {
      "locked": {
        "lastModified": 315532800,
        "narHash": "sha256-YVFaiDALRSE0J2yYCosZ2YOEN0j+JpWEDZIQ5lRJvU0=",
        "rev": "fe51d34885f7b5e3e7b59572796e1bcb427eccb1",
        "type": "tarball",
        "url": "https://releases.nixos.org/nixpkgs/nixpkgs-25.11pre804599.fe51d34885f7/nixexprs.tar.xz?rev=fe51d34885f7b5e3e7b59572796e1bcb427eccb1"
      },
      "original": {
        "type": "tarball",
        "url": "https://channels.nixos.org/nixpkgs-unstable/nixexprs.tar.xz"
      }
    },
    "nixpkgs_2": {
      "locked": {
        "lastModified": 1741037377,
        "narHash": "sha256-SvtvVKHaUX4Owb+PasySwZsoc5VUeTf1px34BByiOxw=",
        "owner": "nixos",
        "repo": "nixpkgs",
        "rev": "02032da4af073d0f6110540c8677f16d4be0117f",
        "type": "github"
      },
      "original": {
        "owner": "nixos",
        "ref": "nixpkgs-unstable",
        "repo": "nixpkgs",
        "type": "github"
      }
    },
    "root": {
      "inputs": {
        "nixpkgs": "nixpkgs",
        "whiskers": "whiskers"
      }
    },
    "whiskers": {
      "inputs": {
        "nixpkgs": "nixpkgs_2"
      },
      "locked": {
        "lastModified": 1748987544,
        "narHash": "sha256-ONkJqZrCe7UX/uz1TRb9934Y02N06rVBW2M+PElUHP0=",
        "owner": "everviolet",
        "repo": "whiskers",
        "rev": "a0b7df42a32936a037a19cfa0d5589a6d4b2aa3b",
        "type": "github"
      },
      "original": {
        "owner": "everviolet",
        "repo": "whiskers",
        "type": "github"
      }
    }
  },
  "root": "root",
  "version": 7
}
